
Microsoft Visual Studio Solution File, Format Version 12.00
# Visual Studio Version 16
VisualStudioVersion = 16.0.31702.278
MinimumVisualStudioVersion = 10.0.40219.1
Project("{8BC9CEB8-8B4A-11D0-8D11-00A0C91BC942}") = "OmegaTask1", "OmegaTask1.vcxproj", "{B2624080-FA91-431B-BFE5-1BE8342D2BA5}"
EndProject
Global
	GlobalSection(SolutionConfigurationPlatforms) = preSolution
		Debug|x64 = Debug|x64
		Debug|x86 = Debug|x86
		Release|x64 = Release|x64
		Release|x86 = Release|x86
	EndGlobalSection
	GlobalSection(ProjectConfigurationPlatforms) = postSolution
		{B2624080-FA91-431B-BFE5-1BE8342D2BA5}.Debug|x64.ActiveCfg = Debug|x64
		{B2624080-FA91-431B-BFE5-1BE8342D2BA5}.Debug|x64.Build.0 = Debug|x64
		{B2624080-FA91-431B-BFE5-1BE8342D2BA5}.Debug|x86.ActiveCfg = Debug|Win32
		{B2624080-FA91-431B-BFE5-1BE8342D2BA5}.Debug|x86.Build.0 = Debug|Win32
		{B2624080-FA91-431B-BFE5-1BE8342D2BA5}.Release|x64.ActiveCfg = Release|x64
		{B2624080-FA91-431B-BFE5-1BE8342D2BA5}.Release|x64.Build.0 = Release|x64
		{B2624080-FA91-431B-BFE5-1BE8342D2BA5}.Release|x86.ActiveCfg = Release|Win32
		{B2624080-FA91-431B-BFE5-1BE8342D2BA5}.Release|x86.Build.0 = Release|Win32
	EndGlobalSection
	GlobalSection(SolutionProperties) = preSolution
		HideSolutionNode = FALSE
	EndGlobalSection
	GlobalSection(ExtensibilityGlobals) = postSolution
		SolutionGuid = {45EAF70C-994F-4C6D-AFEE-70F7F4901833}
	EndGlobalSection
EndGlobal
